// !$*UTF8*$!
{
	archiveVersion = 1;
	classes = {
	};
	objectVersion = 46;
	objects = {

/* Begin PBXBuildFile section */
		1EFD198314F47C2100662D8D /* UIKit.framework in Frameworks */ = {isa = PBXBuildFile; fileRef = 1EFD198214F47C2100662D8D /* UIKit.framework */; };
		1EFD198514F47C2100662D8D /* Foundation.framework in Frameworks */ = {isa = PBXBuildFile; fileRef = 1EFD198414F47C2100662D8D /* Foundation.framework */; };
		1EFD198714F47C2100662D8D /* CoreGraphics.framework in Frameworks */ = {isa = PBXBuildFile; fileRef = 1EFD198614F47C2100662D8D /* CoreGraphics.framework */; };
		1EFD198D14F47C2100662D8D /* InfoPlist.strings in Resources */ = {isa = PBXBuildFile; fileRef = 1EFD198B14F47C2100662D8D /* InfoPlist.strings */; };
		1EFD198F14F47C2100662D8D /* main.m in Sources */ = {isa = PBXBuildFile; fileRef = 1EFD198E14F47C2100662D8D /* main.m */; };
		1EFD199314F47C2100662D8D /* BirdsAppDelegate.m in Sources */ = {isa = PBXBuildFile; fileRef = 1EFD199214F47C2100662D8D /* BirdsAppDelegate.m */; };
		1EFD199614F47C2200662D8D /* MainStoryboard.storyboard in Resources */ = {isa = PBXBuildFile; fileRef = 1EFD199414F47C2200662D8D /* MainStoryboard.storyboard */; };
		1EFD199914F47C2200662D8D /* BirdsMasterViewController.m in Sources */ = {isa = PBXBuildFile; fileRef = 1EFD199814F47C2200662D8D /* BirdsMasterViewController.m */; };
		1EFD199C14F47C2200662D8D /* BirdsDetailViewController.m in Sources */ = {isa = PBXBuildFile; fileRef = 1EFD199B14F47C2200662D8D /* BirdsDetailViewController.m */; };
		1EFD19A414F47F6300662D8D /* BirdSighting.m in Sources */ = {isa = PBXBuildFile; fileRef = 1EFD19A314F47F6300662D8D /* BirdSighting.m */; };
		1EFD19A714F4808E00662D8D /* BirdSightingDataController.m in Sources */ = {isa = PBXBuildFile; fileRef = 1EFD19A614F4808E00662D8D /* BirdSightingDataController.m */; };
/* End PBXBuildFile section */

/* Begin PBXFileReference section */
		1EFD197E14F47C2100662D8D /* BirdWatching.app */ = {isa = PBXFileReference; explicitFileType = wrapper.application; includeInIndex = 0; path = BirdWatching.app; sourceTree = BUILT_PRODUCTS_DIR; };
		1EFD198214F47C2100662D8D /* UIKit.framework */ = {isa = PBXFileReference; lastKnownFileType = wrapper.framework; name = UIKit.framework; path = System/Library/Frameworks/UIKit.framework; sourceTree = SDKROOT; };
		1EFD198414F47C2100662D8D /* Foundation.framework */ = {isa = PBXFileReference; lastKnownFileType = wrapper.framework; name = Foundation.framework; path = System/Library/Frameworks/Foundation.framework; sourceTree = SDKROOT; };
		1EFD198614F47C2100662D8D /* CoreGraphics.framework */ = {isa = PBXFileReference; lastKnownFileType = wrapper.framework; name = CoreGraphics.framework; path = System/Library/Frameworks/CoreGraphics.framework; sourceTree = SDKROOT; };
		1EFD198A14F47C2100662D8D /* BirdWatching-Info.plist */ = {isa = PBXFileReference; lastKnownFileType = text.plist.xml; path = "BirdWatching-Info.plist"; sourceTree = "<group>"; };
		1EFD198C14F47C2100662D8D /* en */ = {isa = PBXFileReference; lastKnownFileType = text.plist.strings; name = en; path = en.lproj/InfoPlist.strings; sourceTree = "<group>"; };
		1EFD198E14F47C2100662D8D /* main.m */ = {isa = PBXFileReference; lastKnownFileType = sourcecode.c.objc; path = main.m; sourceTree = "<group>"; };
		1EFD199014F47C2100662D8D /* BirdWatching-Prefix.pch */ = {isa = PBXFileReference; lastKnownFileType = sourcecode.c.h; path = "BirdWatching-Prefix.pch"; sourceTree = "<group>"; };
		1EFD199114F47C2100662D8D /* BirdsAppDelegate.h */ = {isa = PBXFileReference; lastKnownFileType = sourcecode.c.h; path = BirdsAppDelegate.h; sourceTree = "<group>"; };
		1EFD199214F47C2100662D8D /* BirdsAppDelegate.m */ = {isa = PBXFileReference; lastKnownFileType = sourcecode.c.objc; path = BirdsAppDelegate.m; sourceTree = "<group>"; };
		1EFD199514F47C2200662D8D /* en */ = {isa = PBXFileReference; lastKnownFileType = file.storyboard; name = en; path = en.lproj/MainStoryboard.storyboard; sourceTree = "<group>"; };
		1EFD199714F47C2200662D8D /* BirdsMasterViewController.h */ = {isa = PBXFileReference; lastKnownFileType = sourcecode.c.h; path = BirdsMasterViewController.h; sourceTree = "<group>"; };
		1EFD199814F47C2200662D8D /* BirdsMasterViewController.m */ = {isa = PBXFileReference; lastKnownFileType = sourcecode.c.objc; path = BirdsMasterViewController.m; sourceTree = "<group>"; };
		1EFD199A14F47C2200662D8D /* BirdsDetailViewController.h */ = {isa = PBXFileReference; lastKnownFileType = sourcecode.c.h; path = BirdsDetailViewController.h; sourceTree = "<group>"; };
		1EFD199B14F47C2200662D8D /* BirdsDetailViewController.m */ = {isa = PBXFileReference; lastKnownFileType = sourcecode.c.objc; path = BirdsDetailViewController.m; sourceTree = "<group>"; };
		1EFD19A214F47F6300662D8D /* BirdSighting.h */ = {isa = PBXFileReference; fileEncoding = 4; lastKnownFileType = sourcecode.c.h; path = BirdSighting.h; sourceTree = "<group>"; };
		1EFD19A314F47F6300662D8D /* BirdSighting.m */ = {isa = PBXFileReference; fileEncoding = 4; lastKnownFileType = sourcecode.c.objc; path = BirdSighting.m; sourceTree = "<group>"; };
		1EFD19A514F4808E00662D8D /* BirdSightingDataController.h */ = {isa = PBXFileReference; fileEncoding = 4; lastKnownFileType = sourcecode.c.h; path = BirdSightingDataController.h; sourceTree = "<group>"; };
		1EFD19A614F4808E00662D8D /* BirdSightingDataController.m */ = {isa = PBXFileReference; fileEncoding = 4; lastKnownFileType = sourcecode.c.objc; path = BirdSightingDataController.m; sourceTree = "<group>"; };
/* End PBXFileReference section */

/* Begin PBXFrameworksBuildPhase section */
		1EFD197B14F47C2100662D8D /* Frameworks */ = {
			isa = PBXFrameworksBuildPhase;
			buildActionMask = 2147483647;
			files = (
				1EFD198314F47C2100662D8D /* UIKit.framework in Frameworks */,
				1EFD198514F47C2100662D8D /* Foundation.framework in Frameworks */,
				1EFD198714F47C2100662D8D /* CoreGraphics.framework in Frameworks */,
			);
			runOnlyForDeploymentPostprocessing = 0;
		};
/* End PBXFrameworksBuildPhase section */

/* Begin PBXGroup section */
		1EFD197314F47C2100662D8D = {
			isa = PBXGroup;
			children = (
				1EFD198814F47C2100662D8D /* BirdWatching */,
				1EFD198114F47C2100662D8D /* Frameworks */,
				1EFD197F14F47C2100662D8D /* Products */,
			);
			sourceTree = "<group>";
		};
		1EFD197F14F47C2100662D8D /* Products */ = {
			isa = PBXGroup;
			children = (
				1EFD197E14F47C2100662D8D /* BirdWatching.app */,
			);
			name = Products;
			sourceTree = "<group>";
		};
		1EFD198114F47C2100662D8D /* Frameworks */ = {
			isa = PBXGroup;
			children = (
				1EFD198214F47C2100662D8D /* UIKit.framework */,
				1EFD198414F47C2100662D8D /* Foundation.framework */,
				1EFD198614F47C2100662D8D /* CoreGraphics.framework */,
			);
			name = Frameworks;
			sourceTree = "<group>";
		};
		1EFD198814F47C2100662D8D /* BirdWatching */ = {
			isa = PBXGroup;
			children = (
				1EFD199114F47C2100662D8D /* BirdsAppDelegate.h */,
				1EFD199214F47C2100662D8D /* BirdsAppDelegate.m */,
				1EFD199414F47C2200662D8D /* MainStoryboard.storyboard */,
				1EFD19A214F47F6300662D8D /* BirdSighting.h */,
				1EFD19A314F47F6300662D8D /* BirdSighting.m */,
				1EFD19A514F4808E00662D8D /* BirdSightingDataController.h */,
				1EFD19A614F4808E00662D8D /* BirdSightingDataController.m */,
				1EFD199714F47C2200662D8D /* BirdsMasterViewController.h */,
				1EFD199814F47C2200662D8D /* BirdsMasterViewController.m */,
				1EFD199A14F47C2200662D8D /* BirdsDetailViewController.h */,
				1EFD199B14F47C2200662D8D /* BirdsDetailViewController.m */,
				1EFD198914F47C2100662D8D /* Supporting Files */,
			);
			path = BirdWatching;
			sourceTree = "<group>";
		};
		1EFD198914F47C2100662D8D /* Supporting Files */ = {
			isa = PBXGroup;
			children = (
				1EFD198A14F47C2100662D8D /* BirdWatching-Info.plist */,
				1EFD198B14F47C2100662D8D /* InfoPlist.strings */,
				1EFD198E14F47C2100662D8D /* main.m */,
				1EFD199014F47C2100662D8D /* BirdWatching-Prefix.pch */,
			);
			name = "Supporting Files";
			sourceTree = "<group>";
		};
/* End PBXGroup section */

/* Begin PBXNativeTarget section */
		1EFD197D14F47C2100662D8D /* BirdWatching */ = {
			isa = PBXNativeTarget;
			buildConfigurationList = 1EFD199F14F47C2200662D8D /* Build configuration list for PBXNativeTarget "BirdWatching" */;
			buildPhases = (
				1EFD197A14F47C2100662D8D /* Sources */,
				1EFD197B14F47C2100662D8D /* Frameworks */,
				1EFD197C14F47C2100662D8D /* Resources */,
			);
			buildRules = (
			);
			dependencies = (
			);
			name = BirdWatching;
			productName = BirdWatching;
			productReference = 1EFD197E14F47C2100662D8D /* BirdWatching.app */;
			productType = "com.apple.product-type.application";
		};
/* End PBXNativeTarget section */

/* Begin PBXProject section */
		1EFD197514F47C2100662D8D /* Project object */ = {
			isa = PBXProject;
			attributes = {
				CLASSPREFIX = Birds;
				LastUpgradeCheck = 0430;
			};
			buildConfigurationList = 1EFD197814F47C2100662D8D /* Build configuration list for PBXProject "BirdWatching" */;
			compatibilityVersion = "Xcode 3.2";
			developmentRegion = English;
			hasScannedForEncodings = 0;
			knownRegions = (
				en,
			);
			mainGroup = 1EFD197314F47C2100662D8D;
			productRefGroup = 1EFD197F14F47C2100662D8D /* Products */;
			projectDirPath = "";
			projectRoot = "";
			targets = (
				1EFD197D14F47C2100662D8D /* BirdWatching */,
			);
		};
/* End PBXProject section */

/* Begin PBXResourcesBuildPhase section */
		1EFD197C14F47C2100662D8D /* Resources */ = {
			isa = PBXResourcesBuildPhase;
			buildActionMask = 2147483647;
			files = (
				1EFD198D14F47C2100662D8D /* InfoPlist.strings in Resources */,
				1EFD199614F47C2200662D8D /* MainStoryboard.storyboard in Resources */,
			);
			runOnlyForDeploymentPostprocessing = 0;
		};
/* End PBXResourcesBuildPhase section */

/* Begin PBXSourcesBuildPhase section */
		1EFD197A14F47C2100662D8D /* Sources */ = {
			isa = PBXSourcesBuildPhase;
			buildActionMask = 2147483647;
			files = (
				1EFD198F14F47C2100662D8D /* main.m in Sources */,
				1EFD199314F47C2100662D8D /* BirdsAppDelegate.m in Sources */,
				1EFD199914F47C2200662D8D /* BirdsMasterViewController.m in Sources */,
				1EFD199C14F47C2200662D8D /* BirdsDetailViewController.m in Sources */,
				1EFD19A414F47F6300662D8D /* BirdSighting.m in Sources */,
				1EFD19A714F4808E00662D8D /* BirdSightingDataController.m in Sources */,
			);
			runOnlyForDeploymentPostprocessing = 0;
		};
/* End PBXSourcesBuildPhase section */

/* Begin PBXVariantGroup section */
		1EFD198B14F47C2100662D8D /* InfoPlist.strings */ = {
			isa = PBXVariantGroup;
			children = (
				1EFD198C14F47C2100662D8D /* en */,
			);
			name = InfoPlist.strings;
			sourceTree = "<group>";
		};
		1EFD199414F47C2200662D8D /* MainStoryboard.storyboard */ = {
			isa = PBXVariantGroup;
			children = (
				1EFD199514F47C2200662D8D /* en */,
			);
			name = MainStoryboard.storyboard;
			sourceTree = "<group>";
		};
/* End PBXVariantGroup section */

/* Begin XCBuildConfiguration section */
		1EFD199D14F47C2200662D8D /* Debug */ = {
			isa = XCBuildConfiguration;
			buildSettings = {
				ALWAYS_SEARCH_USER_PATHS = NO;
				ARCHS = "$(ARCHS_STANDARD_32_BIT)";
				CLANG_ENABLE_OBJC_ARC = YES;
				"CODE_SIGN_IDENTITY[sdk=iphoneos*]" = "iPhone Developer";
				COPY_PHASE_STRIP = NO;
				GCC_C_LANGUAGE_STANDARD = gnu99;
				GCC_DYNAMIC_NO_PIC = NO;
				GCC_OPTIMIZATION_LEVEL = 0;
				GCC_PREPROCESSOR_DEFINITIONS = (
					"DEBUG=1",
					"$(inherited)",
				);
				GCC_SYMBOLS_PRIVATE_EXTERN = NO;
				GCC_VERSION = com.apple.compilers.llvm.clang.1_0;
				GCC_WARN_ABOUT_RETURN_TYPE = YES;
				GCC_WARN_UNINITIALIZED_AUTOS = YES;
				GCC_WARN_UNUSED_VARIABLE = YES;
				IPHONEOS_DEPLOYMENT_TARGET = 5.0;
				SDKROOT = iphoneos;
			};
			name = Debug;
		};
		1EFD199E14F47C2200662D8D /* Release */ = {
			isa = XCBuildConfiguration;
			buildSettings = {
				ALWAYS_SEARCH_USER_PATHS = NO;
				ARCHS = "$(ARCHS_STANDARD_32_BIT)";
				CLANG_ENABLE_OBJC_ARC = YES;
				"CODE_SIGN_IDENTITY[sdk=iphoneos*]" = "iPhone Developer";
				COPY_PHASE_STRIP = YES;
				GCC_C_LANGUAGE_STANDARD = gnu99;
				GCC_VERSION = com.apple.compilers.llvm.clang.1_0;
				GCC_WARN_ABOUT_RETURN_TYPE = YES;
				GCC_WARN_UNINITIALIZED_AUTOS = YES;
				GCC_WARN_UNUSED_VARIABLE = YES;
				IPHONEOS_DEPLOYMENT_TARGET = 5.0;
				OTHER_CFLAGS = "-DNS_BLOCK_ASSERTIONS=1";
				SDKROOT = iphoneos;
				VALIDATE_PRODUCT = YES;
			};
			name = Release;
		};
		1EFD19A014F47C2200662D8D /* Debug */ = {
			isa = XCBuildConfiguration;
			buildSettings = {
				GCC_PRECOMPILE_PREFIX_HEADER = YES;
				GCC_PREFIX_HEADER = "BirdWatching/BirdWatching-Prefix.pch";
				INFOPLIST_FILE = "BirdWatching/BirdWatching-Info.plist";
				PRODUCT_NAME = "$(TARGET_NAME)";
				WRAPPER_EXTENSION = app;
			};
			name = Debug;
		};
		1EFD19A114F47C2200662D8D /* Release */ = {
			isa = XCBuildConfiguration;
			buildSettings = {
				GCC_PRECOMPILE_PREFIX_HEADER = YES;
				GCC_PREFIX_HEADER = "BirdWatching/BirdWatching-Prefix.pch";
				INFOPLIST_FILE = "BirdWatching/BirdWatching-Info.plist";
				PRODUCT_NAME = "$(TARGET_NAME)";
				WRAPPER_EXTENSION = app;
			};
			name = Release;
		};
/* End XCBuildConfiguration section */

/* Begin XCConfigurationList section */
		1EFD197814F47C2100662D8D /* Build configuration list for PBXProject "BirdWatching" */ = {
			isa = XCConfigurationList;
			buildConfigurations = (
				1EFD199D14F47C2200662D8D /* Debug */,
				1EFD199E14F47C2200662D8D /* Release */,
			);
			defaultConfigurationIsVisible = 0;
			defaultConfigurationName = Release;
		};
		1EFD199F14F47C2200662D8D /* Build configuration list for PBXNativeTarget "BirdWatching" */ = {
			isa = XCConfigurationList;
			buildConfigurations = (
				1EFD19A014F47C2200662D8D /* Debug */,
				1EFD19A114F47C2200662D8D /* Release */,
			);
			defaultConfigurationIsVisible = 0;
		};
/* End XCConfigurationList section */
	};
	rootObject = 1EFD197514F47C2100662D8D /* Project object */;
}
